
Microsoft Visual Studio Solution File, Format Version 12.00
# Visual Studio 15
VisualStudioVersion = 15.0.28010.2016
MinimumVisualStudioVersion = 10.0.40219.1
Project("{9A19103F-16F7-4668-BE54-9A1E7A4F7556}") = "ImageQueue", "ImageQueue\ImageQueue.csproj", "{E99CA77F-0A84-490F-84CB-481F196055C9}"
EndProject
Project("{9A19103F-16F7-4668-BE54-9A1E7A4F7556}") = "FetchBierRapport", "FetchBierRapport\FetchBierRapport.csproj", "{EC930D86-5E32-4FC1-833F-8B4690376B95}"
EndProject
Project("{9A19103F-16F7-4668-BE54-9A1E7A4F7556}") = "RequestBierRapport", "RequestBierRapport2\RequestBierRapport.csproj", "{0E01D4DE-9F66-4A1C-878A-996945B81B34}"
EndProject
Global
	GlobalSection(SolutionConfigurationPlatforms) = preSolution
		Debug|Any CPU = Debug|Any CPU
		Release|Any CPU = Release|Any CPU
	EndGlobalSection
	GlobalSection(ProjectConfigurationPlatforms) = postSolution
		{E99CA77F-0A84-490F-84CB-481F196055C9}.Debug|Any CPU.ActiveCfg = Debug|Any CPU
		{E99CA77F-0A84-490F-84CB-481F196055C9}.Debug|Any CPU.Build.0 = Debug|Any CPU
		{E99CA77F-0A84-490F-84CB-481F196055C9}.Release|Any CPU.ActiveCfg = Release|Any CPU
		{E99CA77F-0A84-490F-84CB-481F196055C9}.Release|Any CPU.Build.0 = Release|Any CPU
		{EC930D86-5E32-4FC1-833F-8B4690376B95}.Debug|Any CPU.ActiveCfg = Debug|Any CPU
		{EC930D86-5E32-4FC1-833F-8B4690376B95}.Debug|Any CPU.Build.0 = Debug|Any CPU
		{EC930D86-5E32-4FC1-833F-8B4690376B95}.Release|Any CPU.ActiveCfg = Release|Any CPU
		{EC930D86-5E32-4FC1-833F-8B4690376B95}.Release|Any CPU.Build.0 = Release|Any CPU
		{0E01D4DE-9F66-4A1C-878A-996945B81B34}.Debug|Any CPU.ActiveCfg = Debug|Any CPU
		{0E01D4DE-9F66-4A1C-878A-996945B81B34}.Debug|Any CPU.Build.0 = Debug|Any CPU
		{0E01D4DE-9F66-4A1C-878A-996945B81B34}.Release|Any CPU.ActiveCfg = Release|Any CPU
		{0E01D4DE-9F66-4A1C-878A-996945B81B34}.Release|Any CPU.Build.0 = Release|Any CPU
	EndGlobalSection
	GlobalSection(SolutionProperties) = preSolution
		HideSolutionNode = FALSE
	EndGlobalSection
	GlobalSection(ExtensibilityGlobals) = postSolution
		SolutionGuid = {304068FA-7F8B-4B56-957E-07E94F2760E7}
	EndGlobalSection
EndGlobal
